
Microsoft Visual Studio Solution File, Format Version 12.00
# Visual Studio Version 16
VisualStudioVersion = 16.0.33328.57
MinimumVisualStudioVersion = 10.0.40219.1
Project("{888888A0-9F3D-457C-B088-3A5042F75D52}") = "010-LISTAS2", "010-LISTAS2.pyproj", "{23AF715A-352C-44ED-8DD2-47BFED567E9F}"
EndProject
Global
	GlobalSection(SolutionConfigurationPlatforms) = preSolution
		Debug|Any CPU = Debug|Any CPU
		Release|Any CPU = Release|Any CPU
	EndGlobalSection
	GlobalSection(ProjectConfigurationPlatforms) = postSolution
		{23AF715A-352C-44ED-8DD2-47BFED567E9F}.Debug|Any CPU.ActiveCfg = Debug|Any CPU
		{23AF715A-352C-44ED-8DD2-47BFED567E9F}.Release|Any CPU.ActiveCfg = Release|Any CPU
	EndGlobalSection
	GlobalSection(SolutionProperties) = preSolution
		HideSolutionNode = FALSE
	EndGlobalSection
	GlobalSection(ExtensibilityGlobals) = postSolution
		SolutionGuid = {887A12BF-FBF1-4D0A-B3D3-94DC66346102}
	EndGlobalSection
EndGlobal
